# This file is autogenerated, do not edit; changes may be undone by the next 'dep ensure'.


[[projects]]
  branch = "master"
  name = "github.com/patrickbr/gtfsparser"
  packages = [
    ".",
    "gtfs"
  ]
  revision = "6a08a38bb852534312a687cb24ba3f14b4361175"

[solve-meta]
  analyzer-name = "dep"
  analyzer-version = 1
  inputs-digest = "64f7e655768272667c66ca03abf087faaa6c2ce0ffa8a83a09a6d5ccd02179b0"
  solver-name = "gps-cdcl"
  solver-version = 1
